
Microsoft Visual Studio Solution File, Format Version 12.00
# Visual Studio Version 17
VisualStudioVersion = 17.11.35312.102
MinimumVisualStudioVersion = 10.0.40219.1
Project("{FAE04EC0-301F-11D3-BF4B-00C04F79EFBC}") = "AppTeste", "AppTeste.csproj", "{D282F1E8-65D7-4818-AE19-448D57A1BA86}"
EndProject
Global
	GlobalSection(SolutionConfigurationPlatforms) = preSolution
		Debug|Any CPU = Debug|Any CPU
		Release|Any CPU = Release|Any CPU
	EndGlobalSection
	GlobalSection(ProjectConfigurationPlatforms) = postSolution
		{D282F1E8-65D7-4818-AE19-448D57A1BA86}.Debug|Any CPU.ActiveCfg = Debug|Any CPU
		{D282F1E8-65D7-4818-AE19-448D57A1BA86}.Debug|Any CPU.Build.0 = Debug|Any CPU
		{D282F1E8-65D7-4818-AE19-448D57A1BA86}.Release|Any CPU.ActiveCfg = Release|Any CPU
		{D282F1E8-65D7-4818-AE19-448D57A1BA86}.Release|Any CPU.Build.0 = Release|Any CPU
	EndGlobalSection
	GlobalSection(SolutionProperties) = preSolution
		HideSolutionNode = FALSE
	EndGlobalSection
	GlobalSection(ExtensibilityGlobals) = postSolution
		SolutionGuid = {CAC24733-6B63-40D2-8170-AD86F23034B6}
	EndGlobalSection
EndGlobal
